{
  "name": "chefmax-back",
  "version": "1.0.0",
  "lockfileVersion": 3,
  "requires": true,
  "packages": {
    "": {
      "name": "chefmax-back",
      "version": "1.0.0",
      "dependencies": {
        "express": "^4.18.2",
        "typescript": "^5.2.2"
      }
    },
    "node_modules/express": {
      "version": "4.18.2"
    },
    "node_modules/typescript": {
      "version": "5.2.2"
    }
  }
}