{
  "name": "chefmax-frontend",
  "version": "1.0.0",
  "lockfileVersion": 3,
  "requires": true,
  "packages": {
    "": {
      "name": "chefmax-frontend",
      "version": "1.0.0",
      "dependencies": {
        "react": "^18.2.0",
        "react-dom": "^18.2.0",
        "typescript": "^5.2.2",
        "vite": "^4.5.0"
      }
    },
    "node_modules/react": {
      "version": "18.2.0"
    },
    "node_modules/vite": {
      "version": "4.5.0"
    }
  }
}